// !$*UTF8*$!
{
	archiveVersion = 1;
	classes = {
	};
	objectVersion = 46;
	objects = {

/* Begin PBXBuildFile section */
		9312247D1A3A57AD0023C95D /* ProfileViewController.swift in Sources */ = {isa = PBXBuildFile; fileRef = 9312247C1A3A57AD0023C95D /* ProfileViewController.swift */; };
		9312247F1A3A59B10023C95D /* ProfileTableViewCell.swift in Sources */ = {isa = PBXBuildFile; fileRef = 9312247E1A3A59B10023C95D /* ProfileTableViewCell.swift */; };
		932A388C1A3B57A80004057C /* UniversalProfile.swift in Sources */ = {isa = PBXBuildFile; fileRef = 932A388B1A3B57A80004057C /* UniversalProfile.swift */; };
		93321D1D1A3EB869001EF55E /* MMkConstants.swift in Sources */ = {isa = PBXBuildFile; fileRef = 93321D1C1A3EB869001EF55E /* MMkConstants.swift */; };
		9372BED21A26C15100BBC302 /* LoginViewController.swift in Sources */ = {isa = PBXBuildFile; fileRef = 9372BED11A26C15100BBC302 /* LoginViewController.swift */; };
		939016661A3B49F3007F5C8A /* IndividualEventTableViewCell.swift in Sources */ = {isa = PBXBuildFile; fileRef = 939016651A3B49F3007F5C8A /* IndividualEventTableViewCell.swift */; };
		939016681A3B4E29007F5C8A /* IndividualEventViewController.swift in Sources */ = {isa = PBXBuildFile; fileRef = 939016671A3B4E29007F5C8A /* IndividualEventViewController.swift */; };
		93CD38EA1A37657800ECED82 /* MMExtensions.swift in Sources */ = {isa = PBXBuildFile; fileRef = 93CD38E91A37657800ECED82 /* MMExtensions.swift */; };
		93CD38EC1A37720D00ECED82 /* AddEventViewController.swift in Sources */ = {isa = PBXBuildFile; fileRef = 93CD38EB1A37720D00ECED82 /* AddEventViewController.swift */; };
		93DC7DA41A265FCE00265A5A /* AppDelegate.swift in Sources */ = {isa = PBXBuildFile; fileRef = 93DC7DA31A265FCE00265A5A /* AppDelegate.swift */; };
		93DC7DA91A265FCE00265A5A /* Main.storyboard in Resources */ = {isa = PBXBuildFile; fileRef = 93DC7DA71A265FCE00265A5A /* Main.storyboard */; };
		93DC7DAB1A265FCE00265A5A /* Images.xcassets in Resources */ = {isa = PBXBuildFile; fileRef = 93DC7DAA1A265FCE00265A5A /* Images.xcassets */; };
		93DC7DAE1A265FCE00265A5A /* LaunchScreen.xib in Resources */ = {isa = PBXBuildFile; fileRef = 93DC7DAC1A265FCE00265A5A /* LaunchScreen.xib */; };
		93DC7DBA1A265FCE00265A5A /* Event_AppTests.swift in Sources */ = {isa = PBXBuildFile; fileRef = 93DC7DB91A265FCE00265A5A /* Event_AppTests.swift */; };
		93DC7DC71A26637800265A5A /* Bolts.framework in Frameworks */ = {isa = PBXBuildFile; fileRef = 93DC7DC31A26637800265A5A /* Bolts.framework */; };
		93DC7DC81A26637800265A5A /* Parse.framework in Frameworks */ = {isa = PBXBuildFile; fileRef = 93DC7DC41A26637800265A5A /* Parse.framework */; };
		93DC7DC91A26637800265A5A /* ParseFacebookUtils.framework in Frameworks */ = {isa = PBXBuildFile; fileRef = 93DC7DC51A26637800265A5A /* ParseFacebookUtils.framework */; };
		93DC7DCA1A26637800265A5A /* ParseUI.framework in Frameworks */ = {isa = PBXBuildFile; fileRef = 93DC7DC61A26637800265A5A /* ParseUI.framework */; };
		93DC7DCC1A26638500265A5A /* SystemConfiguration.framework in Frameworks */ = {isa = PBXBuildFile; fileRef = 93DC7DCB1A26638500265A5A /* SystemConfiguration.framework */; };
		93DC7DCE1A26638C00265A5A /* StoreKit.framework in Frameworks */ = {isa = PBXBuildFile; fileRef = 93DC7DCD1A26638C00265A5A /* StoreKit.framework */; };
		93DC7DD01A26639300265A5A /* Security.framework in Frameworks */ = {isa = PBXBuildFile; fileRef = 93DC7DCF1A26639300265A5A /* Security.framework */; };
		93DC7DD21A26639900265A5A /* QuartzCore.framework in Frameworks */ = {isa = PBXBuildFile; fileRef = 93DC7DD11A26639900265A5A /* QuartzCore.framework */; };
		93DC7DD41A2663A000265A5A /* MobileCoreServices.framework in Frameworks */ = {isa = PBXBuildFile; fileRef = 93DC7DD31A2663A000265A5A /* MobileCoreServices.framework */; };
		93DC7DD61A2663A700265A5A /* libz.dylib in Frameworks */ = {isa = PBXBuildFile; fileRef = 93DC7DD51A2663A700265A5A /* libz.dylib */; };
		93DC7DD81A2663AD00265A5A /* CoreLocation.framework in Frameworks */ = {isa = PBXBuildFile; fileRef = 93DC7DD71A2663AD00265A5A /* CoreLocation.framework */; };
		93DC7DDA1A2663B400265A5A /* CoreGraphics.framework in Frameworks */ = {isa = PBXBuildFile; fileRef = 93DC7DD91A2663B400265A5A /* CoreGraphics.framework */; };
		93DC7DDC1A2663B900265A5A /* CFNetwork.framework in Frameworks */ = {isa = PBXBuildFile; fileRef = 93DC7DDB1A2663B900265A5A /* CFNetwork.framework */; };
		93DC7DDE1A2663BF00265A5A /* AudioToolbox.framework in Frameworks */ = {isa = PBXBuildFile; fileRef = 93DC7DDD1A2663BF00265A5A /* AudioToolbox.framework */; };
		93DC7DE51A26645500265A5A /* User.swift in Sources */ = {isa = PBXBuildFile; fileRef = 93DC7DE41A26645500265A5A /* User.swift */; };
		93DC7DE71A26646C00265A5A /* Profile.swift in Sources */ = {isa = PBXBuildFile; fileRef = 93DC7DE61A26646C00265A5A /* Profile.swift */; };
		93DC7DE91A26648100265A5A /* Event.swift in Sources */ = {isa = PBXBuildFile; fileRef = 93DC7DE81A26648100265A5A /* Event.swift */; };
		93DC7DEB1A26648E00265A5A /* Photo.swift in Sources */ = {isa = PBXBuildFile; fileRef = 93DC7DEA1A26648E00265A5A /* Photo.swift */; };
		93DC7DEF1A26770B00265A5A /* RegisterViewController.swift in Sources */ = {isa = PBXBuildFile; fileRef = 93DC7DEE1A26770B00265A5A /* RegisterViewController.swift */; };
		93DC7DF21A267AF200265A5A /* MMAlertManager.swift in Sources */ = {isa = PBXBuildFile; fileRef = 93DC7DF11A267AF200265A5A /* MMAlertManager.swift */; };
		93DCA26D1A3BCFFB00DAEC1B /* EditProfileViewController.swift in Sources */ = {isa = PBXBuildFile; fileRef = 93DCA26C1A3BCFFB00DAEC1B /* EditProfileViewController.swift */; };
		93E60DF11A36548700EB5E7F /* EventTableViewCell.swift in Sources */ = {isa = PBXBuildFile; fileRef = 93E60DF01A36548700EB5E7F /* EventTableViewCell.swift */; };
		93E60DF31A365CC700EB5E7F /* EventsViewController.swift in Sources */ = {isa = PBXBuildFile; fileRef = 93E60DF21A365CC700EB5E7F /* EventsViewController.swift */; };
/* End PBXBuildFile section */

/* Begin PBXContainerItemProxy section */
		93DC7DB41A265FCE00265A5A /* PBXContainerItemProxy */ = {
			isa = PBXContainerItemProxy;
			containerPortal = 93DC7D961A265FCE00265A5A /* Project object */;
			proxyType = 1;
			remoteGlobalIDString = 93DC7D9D1A265FCE00265A5A;
			remoteInfo = Event_App;
		};
/* End PBXContainerItemProxy section */

/* Begin PBXFileReference section */
		9312247C1A3A57AD0023C95D /* ProfileViewController.swift */ = {isa = PBXFileReference; fileEncoding = 4; lastKnownFileType = sourcecode.swift; path = ProfileViewController.swift; sourceTree = "<group>"; };
		9312247E1A3A59B10023C95D /* ProfileTableViewCell.swift */ = {isa = PBXFileReference; fileEncoding = 4; lastKnownFileType = sourcecode.swift; path = ProfileTableViewCell.swift; sourceTree = "<group>"; };
		932A388B1A3B57A80004057C /* UniversalProfile.swift */ = {isa = PBXFileReference; fileEncoding = 4; lastKnownFileType = sourcecode.swift; path = UniversalProfile.swift; sourceTree = "<group>"; };
		93321D1C1A3EB869001EF55E /* MMkConstants.swift */ = {isa = PBXFileReference; fileEncoding = 4; lastKnownFileType = sourcecode.swift; path = MMkConstants.swift; sourceTree = "<group>"; };
		9372BED11A26C15100BBC302 /* LoginViewController.swift */ = {isa = PBXFileReference; fileEncoding = 4; lastKnownFileType = sourcecode.swift; path = LoginViewController.swift; sourceTree = "<group>"; };
		939016651A3B49F3007F5C8A /* IndividualEventTableViewCell.swift */ = {isa = PBXFileReference; fileEncoding = 4; lastKnownFileType = sourcecode.swift; path = IndividualEventTableViewCell.swift; sourceTree = "<group>"; };
		939016671A3B4E29007F5C8A /* IndividualEventViewController.swift */ = {isa = PBXFileReference; fileEncoding = 4; lastKnownFileType = sourcecode.swift; path = IndividualEventViewController.swift; sourceTree = "<group>"; };
		93CD38E91A37657800ECED82 /* MMExtensions.swift */ = {isa = PBXFileReference; fileEncoding = 4; lastKnownFileType = sourcecode.swift; path = MMExtensions.swift; sourceTree = "<group>"; };
		93CD38EB1A37720D00ECED82 /* AddEventViewController.swift */ = {isa = PBXFileReference; fileEncoding = 4; lastKnownFileType = sourcecode.swift; path = AddEventViewController.swift; sourceTree = "<group>"; };
		93DC7D9E1A265FCE00265A5A /* Event_App.app */ = {isa = PBXFileReference; explicitFileType = wrapper.application; includeInIndex = 0; path = Event_App.app; sourceTree = BUILT_PRODUCTS_DIR; };
		93DC7DA21A265FCE00265A5A /* Info.plist */ = {isa = PBXFileReference; lastKnownFileType = text.plist.xml; path = Info.plist; sourceTree = "<group>"; };
		93DC7DA31A265FCE00265A5A /* AppDelegate.swift */ = {isa = PBXFileReference; lastKnownFileType = sourcecode.swift; path = AppDelegate.swift; sourceTree = "<group>"; };
		93DC7DA81A265FCE00265A5A /* Base */ = {isa = PBXFileReference; lastKnownFileType = file.storyboard; name = Base; path = Base.lproj/Main.storyboard; sourceTree = "<group>"; };
		93DC7DAA1A265FCE00265A5A /* Images.xcassets */ = {isa = PBXFileReference; lastKnownFileType = folder.assetcatalog; path = Images.xcassets; sourceTree = "<group>"; };
		93DC7DAD1A265FCE00265A5A /* Base */ = {isa = PBXFileReference; lastKnownFileType = file.xib; name = Base; path = Base.lproj/LaunchScreen.xib; sourceTree = "<group>"; };
		93DC7DB31A265FCE00265A5A /* Event_AppTests.xctest */ = {isa = PBXFileReference; explicitFileType = wrapper.cfbundle; includeInIndex = 0; path = Event_AppTests.xctest; sourceTree = BUILT_PRODUCTS_DIR; };
		93DC7DB81A265FCE00265A5A /* Info.plist */ = {isa = PBXFileReference; lastKnownFileType = text.plist.xml; path = Info.plist; sourceTree = "<group>"; };
		93DC7DB91A265FCE00265A5A /* Event_AppTests.swift */ = {isa = PBXFileReference; lastKnownFileType = sourcecode.swift; path = Event_AppTests.swift; sourceTree = "<group>"; };
		93DC7DC31A26637800265A5A /* Bolts.framework */ = {isa = PBXFileReference; lastKnownFileType = wrapper.framework; name = Bolts.framework; path = "../../Downloads/parse-library-1.5.0 2/Bolts.framework"; sourceTree = "<group>"; };
		93DC7DC41A26637800265A5A /* Parse.framework */ = {isa = PBXFileReference; lastKnownFileType = wrapper.framework; name = Parse.framework; path = "../../Downloads/parse-library-1.5.0 2/Parse.framework"; sourceTree = "<group>"; };
		93DC7DC51A26637800265A5A /* ParseFacebookUtils.framework */ = {isa = PBXFileReference; lastKnownFileType = wrapper.framework; name = ParseFacebookUtils.framework; path = "../../Downloads/parse-library-1.5.0 2/ParseFacebookUtils.framework"; sourceTree = "<group>"; };
		93DC7DC61A26637800265A5A /* ParseUI.framework */ = {isa = PBXFileReference; lastKnownFileType = wrapper.framework; name = ParseUI.framework; path = "../../Downloads/parse-library-1.5.0 2/ParseUI.framework"; sourceTree = "<group>"; };
		93DC7DCB1A26638500265A5A /* SystemConfiguration.framework */ = {isa = PBXFileReference; lastKnownFileType = wrapper.framework; name = SystemConfiguration.framework; path = System/Library/Frameworks/SystemConfiguration.framework; sourceTree = SDKROOT; };
		93DC7DCD1A26638C00265A5A /* StoreKit.framework */ = {isa = PBXFileReference; lastKnownFileType = wrapper.framework; name = StoreKit.framework; path = System/Library/Frameworks/StoreKit.framework; sourceTree = SDKROOT; };
		93DC7DCF1A26639300265A5A /* Security.framework */ = {isa = PBXFileReference; lastKnownFileType = wrapper.framework; name = Security.framework; path = System/Library/Frameworks/Security.framework; sourceTree = SDKROOT; };
		93DC7DD11A26639900265A5A /* QuartzCore.framework */ = {isa = PBXFileReference; lastKnownFileType = wrapper.framework; name = QuartzCore.framework; path = System/Library/Frameworks/QuartzCore.framework; sourceTree = SDKROOT; };
		93DC7DD31A2663A000265A5A /* MobileCoreServices.framework */ = {isa = PBXFileReference; lastKnownFileType = wrapper.framework; name = MobileCoreServices.framework; path = System/Library/Frameworks/MobileCoreServices.framework; sourceTree = SDKROOT; };
		93DC7DD51A2663A700265A5A /* libz.dylib */ = {isa = PBXFileReference; lastKnownFileType = "compiled.mach-o.dylib"; name = libz.dylib; path = usr/lib/libz.dylib; sourceTree = SDKROOT; };
		93DC7DD71A2663AD00265A5A /* CoreLocation.framework */ = {isa = PBXFileReference; lastKnownFileType = wrapper.framework; name = CoreLocation.framework; path = System/Library/Frameworks/CoreLocation.framework; sourceTree = SDKROOT; };
		93DC7DD91A2663B400265A5A /* CoreGraphics.framework */ = {isa = PBXFileReference; lastKnownFileType = wrapper.framework; name = CoreGraphics.framework; path = System/Library/Frameworks/CoreGraphics.framework; sourceTree = SDKROOT; };
		93DC7DDB1A2663B900265A5A /* CFNetwork.framework */ = {isa = PBXFileReference; lastKnownFileType = wrapper.framework; name = CFNetwork.framework; path = System/Library/Frameworks/CFNetwork.framework; sourceTree = SDKROOT; };
		93DC7DDD1A2663BF00265A5A /* AudioToolbox.framework */ = {isa = PBXFileReference; lastKnownFileType = wrapper.framework; name = AudioToolbox.framework; path = System/Library/Frameworks/AudioToolbox.framework; sourceTree = SDKROOT; };
		93DC7DE01A26642C00265A5A /* Event_App-Bridging-Header.h */ = {isa = PBXFileReference; lastKnownFileType = sourcecode.c.h; path = "Event_App-Bridging-Header.h"; sourceTree = "<group>"; };
		93DC7DE41A26645500265A5A /* User.swift */ = {isa = PBXFileReference; fileEncoding = 4; lastKnownFileType = sourcecode.swift; path = User.swift; sourceTree = "<group>"; };
		93DC7DE61A26646C00265A5A /* Profile.swift */ = {isa = PBXFileReference; fileEncoding = 4; lastKnownFileType = sourcecode.swift; path = Profile.swift; sourceTree = "<group>"; };
		93DC7DE81A26648100265A5A /* Event.swift */ = {isa = PBXFileReference; fileEncoding = 4; lastKnownFileType = sourcecode.swift; path = Event.swift; sourceTree = "<group>"; };
		93DC7DEA1A26648E00265A5A /* Photo.swift */ = {isa = PBXFileReference; fileEncoding = 4; lastKnownFileType = sourcecode.swift; path = Photo.swift; sourceTree = "<group>"; };
		93DC7DEE1A26770B00265A5A /* RegisterViewController.swift */ = {isa = PBXFileReference; fileEncoding = 4; lastKnownFileType = sourcecode.swift; name = RegisterViewController.swift; path = ../RegisterViewController.swift; sourceTree = "<group>"; };
		93DC7DF11A267AF200265A5A /* MMAlertManager.swift */ = {isa = PBXFileReference; fileEncoding = 4; lastKnownFileType = sourcecode.swift; path = MMAlertManager.swift; sourceTree = "<group>"; };
		93DCA26C1A3BCFFB00DAEC1B /* EditProfileViewController.swift */ = {isa = PBXFileReference; fileEncoding = 4; lastKnownFileType = sourcecode.swift; path = EditProfileViewController.swift; sourceTree = "<group>"; };
		93E60DF01A36548700EB5E7F /* EventTableViewCell.swift */ = {isa = PBXFileReference; fileEncoding = 4; lastKnownFileType = sourcecode.swift; path = EventTableViewCell.swift; sourceTree = "<group>"; };
		93E60DF21A365CC700EB5E7F /* EventsViewController.swift */ = {isa = PBXFileReference; fileEncoding = 4; lastKnownFileType = sourcecode.swift; path = EventsViewController.swift; sourceTree = "<group>"; };
/* End PBXFileReference section */

/* Begin PBXFrameworksBuildPhase section */
		93DC7D9B1A265FCE00265A5A /* Frameworks */ = {
			isa = PBXFrameworksBuildPhase;
			buildActionMask = 2147483647;
			files = (
				93DC7DDE1A2663BF00265A5A /* AudioToolbox.framework in Frameworks */,
				93DC7DDC1A2663B900265A5A /* CFNetwork.framework in Frameworks */,
				93DC7DDA1A2663B400265A5A /* CoreGraphics.framework in Frameworks */,
				93DC7DD81A2663AD00265A5A /* CoreLocation.framework in Frameworks */,
				93DC7DD61A2663A700265A5A /* libz.dylib in Frameworks */,
				93DC7DD41A2663A000265A5A /* MobileCoreServices.framework in Frameworks */,
				93DC7DD21A26639900265A5A /* QuartzCore.framework in Frameworks */,
				93DC7DD01A26639300265A5A /* Security.framework in Frameworks */,
				93DC7DCE1A26638C00265A5A /* StoreKit.framework in Frameworks */,
				93DC7DCC1A26638500265A5A /* SystemConfiguration.framework in Frameworks */,
				93DC7DC71A26637800265A5A /* Bolts.framework in Frameworks */,
				93DC7DC81A26637800265A5A /* Parse.framework in Frameworks */,
				93DC7DC91A26637800265A5A /* ParseFacebookUtils.framework in Frameworks */,
				93DC7DCA1A26637800265A5A /* ParseUI.framework in Frameworks */,
			);
			runOnlyForDeploymentPostprocessing = 0;
		};
		93DC7DB01A265FCE00265A5A /* Frameworks */ = {
			isa = PBXFrameworksBuildPhase;
			buildActionMask = 2147483647;
			files = (
			);
			runOnlyForDeploymentPostprocessing = 0;
		};
/* End PBXFrameworksBuildPhase section */

/* Begin PBXGroup section */
		9372BED31A26FD5600BBC302 /* Data Model */ = {
			isa = PBXGroup;
			children = (
				93DC7DE41A26645500265A5A /* User.swift */,
				93DC7DE61A26646C00265A5A /* Profile.swift */,
				93DC7DE81A26648100265A5A /* Event.swift */,
				93DC7DEA1A26648E00265A5A /* Photo.swift */,
				932A388B1A3B57A80004057C /* UniversalProfile.swift */,
			);
			name = "Data Model";
			sourceTree = "<group>";
		};
		93DC7D951A265FCE00265A5A = {
			isa = PBXGroup;
			children = (
				93DC7DA01A265FCE00265A5A /* Event_App */,
				93DC7DDF1A2663F100265A5A /* Frameworks */,
				93DC7DB61A265FCE00265A5A /* Event_AppTests */,
				93DC7D9F1A265FCE00265A5A /* Products */,
			);
			sourceTree = "<group>";
		};
		93DC7D9F1A265FCE00265A5A /* Products */ = {
			isa = PBXGroup;
			children = (
				93DC7D9E1A265FCE00265A5A /* Event_App.app */,
				93DC7DB31A265FCE00265A5A /* Event_AppTests.xctest */,
			);
			name = Products;
			sourceTree = "<group>";
		};
		93DC7DA01A265FCE00265A5A /* Event_App */ = {
			isa = PBXGroup;
			children = (
				93DC7DA31A265FCE00265A5A /* AppDelegate.swift */,
				93DC7DA71A265FCE00265A5A /* Main.storyboard */,
				93DC7DF31A267AFA00265A5A /* Utilities */,
				9372BED31A26FD5600BBC302 /* Data Model */,
				93DC7DF01A26771800265A5A /* View Controllers */,
				93E60DEF1A36546200EB5E7F /* Cells */,
				93DC7DAA1A265FCE00265A5A /* Images.xcassets */,
				93DC7DAC1A265FCE00265A5A /* LaunchScreen.xib */,
				93DC7DA11A265FCE00265A5A /* Supporting Files */,
				93DC7DE01A26642C00265A5A /* Event_App-Bridging-Header.h */,
			);
			path = Event_App;
			sourceTree = "<group>";
		};
		93DC7DA11A265FCE00265A5A /* Supporting Files */ = {
			isa = PBXGroup;
			children = (
				93DC7DA21A265FCE00265A5A /* Info.plist */,
			);
			name = "Supporting Files";
			sourceTree = "<group>";
		};
		93DC7DB61A265FCE00265A5A /* Event_AppTests */ = {
			isa = PBXGroup;
			children = (
				93DC7DB91A265FCE00265A5A /* Event_AppTests.swift */,
				93DC7DB71A265FCE00265A5A /* Supporting Files */,
			);
			path = Event_AppTests;
			sourceTree = "<group>";
		};
		93DC7DB71A265FCE00265A5A /* Supporting Files */ = {
			isa = PBXGroup;
			children = (
				93DC7DB81A265FCE00265A5A /* Info.plist */,
			);
			name = "Supporting Files";
			sourceTree = "<group>";
		};
		93DC7DDF1A2663F100265A5A /* Frameworks */ = {
			isa = PBXGroup;
			children = (
				93DC7DDD1A2663BF00265A5A /* AudioToolbox.framework */,
				93DC7DDB1A2663B900265A5A /* CFNetwork.framework */,
				93DC7DD91A2663B400265A5A /* CoreGraphics.framework */,
				93DC7DD71A2663AD00265A5A /* CoreLocation.framework */,
				93DC7DD51A2663A700265A5A /* libz.dylib */,
				93DC7DD31A2663A000265A5A /* MobileCoreServices.framework */,
				93DC7DD11A26639900265A5A /* QuartzCore.framework */,
				93DC7DCF1A26639300265A5A /* Security.framework */,
				93DC7DCD1A26638C00265A5A /* StoreKit.framework */,
				93DC7DCB1A26638500265A5A /* SystemConfiguration.framework */,
				93DC7DC31A26637800265A5A /* Bolts.framework */,
				93DC7DC41A26637800265A5A /* Parse.framework */,
				93DC7DC51A26637800265A5A /* ParseFacebookUtils.framework */,
				93DC7DC61A26637800265A5A /* ParseUI.framework */,
			);
			name = Frameworks;
			sourceTree = "<group>";
		};
		93DC7DF01A26771800265A5A /* View Controllers */ = {
			isa = PBXGroup;
			children = (
				93DC7DEE1A26770B00265A5A /* RegisterViewController.swift */,
				9372BED11A26C15100BBC302 /* LoginViewController.swift */,
				93E60DF21A365CC700EB5E7F /* EventsViewController.swift */,
				939016671A3B4E29007F5C8A /* IndividualEventViewController.swift */,
				93CD38EB1A37720D00ECED82 /* AddEventViewController.swift */,
				9312247C1A3A57AD0023C95D /* ProfileViewController.swift */,
				93DCA26C1A3BCFFB00DAEC1B /* EditProfileViewController.swift */,
			);
			name = "View Controllers";
			sourceTree = "<group>";
		};
		93DC7DF31A267AFA00265A5A /* Utilities */ = {
			isa = PBXGroup;
			children = (
				93DC7DF11A267AF200265A5A /* MMAlertManager.swift */,
				93CD38E91A37657800ECED82 /* MMExtensions.swift */,
				93321D1C1A3EB869001EF55E /* MMkConstants.swift */,
			);
			name = Utilities;
			sourceTree = "<group>";
		};
		93E60DEF1A36546200EB5E7F /* Cells */ = {
			isa = PBXGroup;
			children = (
				93E60DF01A36548700EB5E7F /* EventTableViewCell.swift */,
				9312247E1A3A59B10023C95D /* ProfileTableViewCell.swift */,
				939016651A3B49F3007F5C8A /* IndividualEventTableViewCell.swift */,
			);
			name = Cells;
			sourceTree = "<group>";
		};
/* End PBXGroup section */

/* Begin PBXNativeTarget section */
		93DC7D9D1A265FCE00265A5A /* Event_App */ = {
			isa = PBXNativeTarget;
			buildConfigurationList = 93DC7DBD1A265FCE00265A5A /* Build configuration list for PBXNativeTarget "Event_App" */;
			buildPhases = (
				93DC7D9A1A265FCE00265A5A /* Sources */,
				93DC7D9B1A265FCE00265A5A /* Frameworks */,
				93DC7D9C1A265FCE00265A5A /* Resources */,
			);
			buildRules = (
			);
			dependencies = (
			);
			name = Event_App;
			productName = Event_App;
			productReference = 93DC7D9E1A265FCE00265A5A /* Event_App.app */;
			productType = "com.apple.product-type.application";
		};
		93DC7DB21A265FCE00265A5A /* Event_AppTests */ = {
			isa = PBXNativeTarget;
			buildConfigurationList = 93DC7DC01A265FCE00265A5A /* Build configuration list for PBXNativeTarget "Event_AppTests" */;
			buildPhases = (
				93DC7DAF1A265FCE00265A5A /* Sources */,
				93DC7DB01A265FCE00265A5A /* Frameworks */,
				93DC7DB11A265FCE00265A5A /* Resources */,
			);
			buildRules = (
			);
			dependencies = (
				93DC7DB51A265FCE00265A5A /* PBXTargetDependency */,
			);
			name = Event_AppTests;
			productName = Event_AppTests;
			productReference = 93DC7DB31A265FCE00265A5A /* Event_AppTests.xctest */;
			productType = "com.apple.product-type.bundle.unit-test";
		};
/* End PBXNativeTarget section */

/* Begin PBXProject section */
		93DC7D961A265FCE00265A5A /* Project object */ = {
			isa = PBXProject;
			attributes = {
				LastUpgradeCheck = 0620;
				ORGANIZATIONNAME = MobileMakers;
				TargetAttributes = {
					93DC7D9D1A265FCE00265A5A = {
						CreatedOnToolsVersion = 6.2;
					};
					93DC7DB21A265FCE00265A5A = {
						CreatedOnToolsVersion = 6.2;
						TestTargetID = 93DC7D9D1A265FCE00265A5A;
					};
				};
			};
			buildConfigurationList = 93DC7D991A265FCE00265A5A /* Build configuration list for PBXProject "Event_App" */;
			compatibilityVersion = "Xcode 3.2";
			developmentRegion = English;
			hasScannedForEncodings = 0;
			knownRegions = (
				en,
				Base,
			);
			mainGroup = 93DC7D951A265FCE00265A5A;
			productRefGroup = 93DC7D9F1A265FCE00265A5A /* Products */;
			projectDirPath = "";
			projectRoot = "";
			targets = (
				93DC7D9D1A265FCE00265A5A /* Event_App */,
				93DC7DB21A265FCE00265A5A /* Event_AppTests */,
			);
		};
/* End PBXProject section */

/* Begin PBXResourcesBuildPhase section */
		93DC7D9C1A265FCE00265A5A /* Resources */ = {
			isa = PBXResourcesBuildPhase;
			buildActionMask = 2147483647;
			files = (
				93DC7DA91A265FCE00265A5A /* Main.storyboard in Resources */,
				93DC7DAE1A265FCE00265A5A /* LaunchScreen.xib in Resources */,
				93DC7DAB1A265FCE00265A5A /* Images.xcassets in Resources */,
			);
			runOnlyForDeploymentPostprocessing = 0;
		};
		93DC7DB11A265FCE00265A5A /* Resources */ = {
			isa = PBXResourcesBuildPhase;
			buildActionMask = 2147483647;
			files = (
			);
			runOnlyForDeploymentPostprocessing = 0;
		};
/* End PBXResourcesBuildPhase section */

/* Begin PBXSourcesBuildPhase section */
		93DC7D9A1A265FCE00265A5A /* Sources */ = {
			isa = PBXSourcesBuildPhase;
			buildActionMask = 2147483647;
			files = (
				932A388C1A3B57A80004057C /* UniversalProfile.swift in Sources */,
				9372BED21A26C15100BBC302 /* LoginViewController.swift in Sources */,
				9312247F1A3A59B10023C95D /* ProfileTableViewCell.swift in Sources */,
				93CD38EC1A37720D00ECED82 /* AddEventViewController.swift in Sources */,
				93DC7DF21A267AF200265A5A /* MMAlertManager.swift in Sources */,
				93DC7DE91A26648100265A5A /* Event.swift in Sources */,
				93DC7DE51A26645500265A5A /* User.swift in Sources */,
				93DC7DEF1A26770B00265A5A /* RegisterViewController.swift in Sources */,
				93DCA26D1A3BCFFB00DAEC1B /* EditProfileViewController.swift in Sources */,
				93DC7DE71A26646C00265A5A /* Profile.swift in Sources */,
				93321D1D1A3EB869001EF55E /* MMkConstants.swift in Sources */,
				939016681A3B4E29007F5C8A /* IndividualEventViewController.swift in Sources */,
				93DC7DA41A265FCE00265A5A /* AppDelegate.swift in Sources */,
				93DC7DEB1A26648E00265A5A /* Photo.swift in Sources */,
				93E60DF11A36548700EB5E7F /* EventTableViewCell.swift in Sources */,
				9312247D1A3A57AD0023C95D /* ProfileViewController.swift in Sources */,
				93CD38EA1A37657800ECED82 /* MMExtensions.swift in Sources */,
				939016661A3B49F3007F5C8A /* IndividualEventTableViewCell.swift in Sources */,
				93E60DF31A365CC700EB5E7F /* EventsViewController.swift in Sources */,
			);
			runOnlyForDeploymentPostprocessing = 0;
		};
		93DC7DAF1A265FCE00265A5A /* Sources */ = {
			isa = PBXSourcesBuildPhase;
			buildActionMask = 2147483647;
			files = (
				93DC7DBA1A265FCE00265A5A /* Event_AppTests.swift in Sources */,
			);
			runOnlyForDeploymentPostprocessing = 0;
		};
/* End PBXSourcesBuildPhase section */

/* Begin PBXTargetDependency section */
		93DC7DB51A265FCE00265A5A /* PBXTargetDependency */ = {
			isa = PBXTargetDependency;
			target = 93DC7D9D1A265FCE00265A5A /* Event_App */;
			targetProxy = 93DC7DB41A265FCE00265A5A /* PBXContainerItemProxy */;
		};
/* End PBXTargetDependency section */

/* Begin PBXVariantGroup section */
		93DC7DA71A265FCE00265A5A /* Main.storyboard */ = {
			isa = PBXVariantGroup;
			children = (
				93DC7DA81A265FCE00265A5A /* Base */,
			);
			name = Main.storyboard;
			sourceTree = "<group>";
		};
		93DC7DAC1A265FCE00265A5A /* LaunchScreen.xib */ = {
			isa = PBXVariantGroup;
			children = (
				93DC7DAD1A265FCE00265A5A /* Base */,
			);
			name = LaunchScreen.xib;
			sourceTree = "<group>";
		};
/* End PBXVariantGroup section */

/* Begin XCBuildConfiguration section */
		93DC7DBB1A265FCE00265A5A /* Debug */ = {
			isa = XCBuildConfiguration;
			buildSettings = {
				ALWAYS_SEARCH_USER_PATHS = NO;
				CLANG_CXX_LANGUAGE_STANDARD = "gnu++0x";
				CLANG_CXX_LIBRARY = "libc++";
				CLANG_ENABLE_MODULES = YES;
				CLANG_ENABLE_OBJC_ARC = YES;
				CLANG_WARN_BOOL_CONVERSION = YES;
				CLANG_WARN_CONSTANT_CONVERSION = YES;
				CLANG_WARN_DIRECT_OBJC_ISA_USAGE = YES_ERROR;
				CLANG_WARN_EMPTY_BODY = YES;
				CLANG_WARN_ENUM_CONVERSION = YES;
				CLANG_WARN_INT_CONVERSION = YES;
				CLANG_WARN_OBJC_ROOT_CLASS = YES_ERROR;
				CLANG_WARN_UNREACHABLE_CODE = YES;
				CLANG_WARN__DUPLICATE_METHOD_MATCH = YES;
				"CODE_SIGN_IDENTITY[sdk=iphoneos*]" = "iPhone Developer";
				COPY_PHASE_STRIP = NO;
				ENABLE_STRICT_OBJC_MSGSEND = YES;
				GCC_C_LANGUAGE_STANDARD = gnu99;
				GCC_DYNAMIC_NO_PIC = NO;
				GCC_OPTIMIZATION_LEVEL = 0;
				GCC_PREPROCESSOR_DEFINITIONS = (
					"DEBUG=1",
					"$(inherited)",
				);
				GCC_SYMBOLS_PRIVATE_EXTERN = NO;
				GCC_WARN_64_TO_32_BIT_CONVERSION = YES;
				GCC_WARN_ABOUT_RETURN_TYPE = YES_ERROR;
				GCC_WARN_UNDECLARED_SELECTOR = YES;
				GCC_WARN_UNINITIALIZED_AUTOS = YES_AGGRESSIVE;
				GCC_WARN_UNUSED_FUNCTION = YES;
				GCC_WARN_UNUSED_VARIABLE = YES;
				MTL_ENABLE_DEBUG_INFO = YES;
				ONLY_ACTIVE_ARCH = YES;
				SDKROOT = iphoneos;
				SWIFT_OPTIMIZATION_LEVEL = "-Onone";
			};
			name = Debug;
		};
		93DC7DBC1A265FCE00265A5A /* Release */ = {
			isa = XCBuildConfiguration;
			buildSettings = {
				ALWAYS_SEARCH_USER_PATHS = NO;
				CLANG_CXX_LANGUAGE_STANDARD = "gnu++0x";
				CLANG_CXX_LIBRARY = "libc++";
				CLANG_ENABLE_MODULES = YES;
				CLANG_ENABLE_OBJC_ARC = YES;
				CLANG_WARN_BOOL_CONVERSION = YES;
				CLANG_WARN_CONSTANT_CONVERSION = YES;
				CLANG_WARN_DIRECT_OBJC_ISA_USAGE = YES_ERROR;
				CLANG_WARN_EMPTY_BODY = YES;
				CLANG_WARN_ENUM_CONVERSION = YES;
				CLANG_WARN_INT_CONVERSION = YES;
				CLANG_WARN_OBJC_ROOT_CLASS = YES_ERROR;
				CLANG_WARN_UNREACHABLE_CODE = YES;
				CLANG_WARN__DUPLICATE_METHOD_MATCH = YES;
				"CODE_SIGN_IDENTITY[sdk=iphoneos*]" = "iPhone Developer";
				COPY_PHASE_STRIP = YES;
				ENABLE_NS_ASSERTIONS = NO;
				ENABLE_STRICT_OBJC_MSGSEND = YES;
				GCC_C_LANGUAGE_STANDARD = gnu99;
				GCC_WARN_64_TO_32_BIT_CONVERSION = YES;
				GCC_WARN_ABOUT_RETURN_TYPE = YES_ERROR;
				GCC_WARN_UNDECLARED_SELECTOR = YES;
				GCC_WARN_UNINITIALIZED_AUTOS = YES_AGGRESSIVE;
				GCC_WARN_UNUSED_FUNCTION = YES;
				GCC_WARN_UNUSED_VARIABLE = YES;
				MTL_ENABLE_DEBUG_INFO = NO;
				SDKROOT = iphoneos;
				VALIDATE_PRODUCT = YES;
			};
			name = Release;
		};
		93DC7DBE1A265FCE00265A5A /* Debug */ = {
			isa = XCBuildConfiguration;
			buildSettings = {
				ASSETCATALOG_COMPILER_APPICON_NAME = AppIcon;
				CLANG_ENABLE_MODULES = YES;
				FRAMEWORK_SEARCH_PATHS = (
					"$(inherited)",
					"/Users/viktordenic/Downloads/parse-library-1.5.0",
					2,
				);
				INFOPLIST_FILE = Event_App/Info.plist;
				LD_RUNPATH_SEARCH_PATHS = "$(inherited) @executable_path/Frameworks";
				PRODUCT_NAME = "$(TARGET_NAME)";
				SWIFT_OBJC_BRIDGING_HEADER = "Event_App/Event_App-Bridging-Header.h";
				SWIFT_OPTIMIZATION_LEVEL = "-Onone";
			};
			name = Debug;
		};
		93DC7DBF1A265FCE00265A5A /* Release */ = {
			isa = XCBuildConfiguration;
			buildSettings = {
				ASSETCATALOG_COMPILER_APPICON_NAME = AppIcon;
				CLANG_ENABLE_MODULES = YES;
				FRAMEWORK_SEARCH_PATHS = (
					"$(inherited)",
					"/Users/viktordenic/Downloads/parse-library-1.5.0",
					2,
				);
				INFOPLIST_FILE = Event_App/Info.plist;
				LD_RUNPATH_SEARCH_PATHS = "$(inherited) @executable_path/Frameworks";
				PRODUCT_NAME = "$(TARGET_NAME)";
				SWIFT_OBJC_BRIDGING_HEADER = "Event_App/Event_App-Bridging-Header.h";
			};
			name = Release;
		};
		93DC7DC11A265FCE00265A5A /* Debug */ = {
			isa = XCBuildConfiguration;
			buildSettings = {
				BUNDLE_LOADER = "$(TEST_HOST)";
				FRAMEWORK_SEARCH_PATHS = (
					"$(SDKROOT)/Developer/Library/Frameworks",
					"$(inherited)",
				);
				GCC_PREPROCESSOR_DEFINITIONS = (
					"DEBUG=1",
					"$(inherited)",
				);
				INFOPLIST_FILE = Event_AppTests/Info.plist;
				LD_RUNPATH_SEARCH_PATHS = "$(inherited) @executable_path/Frameworks @loader_path/Frameworks";
				PRODUCT_NAME = "$(TARGET_NAME)";
				TEST_HOST = "$(BUILT_PRODUCTS_DIR)/Event_App.app/Event_App";
			};
			name = Debug;
		};
		93DC7DC21A265FCE00265A5A /* Release */ = {
			isa = XCBuildConfiguration;
			buildSettings = {
				BUNDLE_LOADER = "$(TEST_HOST)";
				FRAMEWORK_SEARCH_PATHS = (
					"$(SDKROOT)/Developer/Library/Frameworks",
					"$(inherited)",
				);
				INFOPLIST_FILE = Event_AppTests/Info.plist;
				LD_RUNPATH_SEARCH_PATHS = "$(inherited) @executable_path/Frameworks @loader_path/Frameworks";
				PRODUCT_NAME = "$(TARGET_NAME)";
				TEST_HOST = "$(BUILT_PRODUCTS_DIR)/Event_App.app/Event_App";
			};
			name = Release;
		};
/* End XCBuildConfiguration section */

/* Begin XCConfigurationList section */
		93DC7D991A265FCE00265A5A /* Build configuration list for PBXProject "Event_App" */ = {
			isa = XCConfigurationList;
			buildConfigurations = (
				93DC7DBB1A265FCE00265A5A /* Debug */,
				93DC7DBC1A265FCE00265A5A /* Release */,
			);
			defaultConfigurationIsVisible = 0;
			defaultConfigurationName = Release;
		};
		93DC7DBD1A265FCE00265A5A /* Build configuration list for PBXNativeTarget "Event_App" */ = {
			isa = XCConfigurationList;
			buildConfigurations = (
				93DC7DBE1A265FCE00265A5A /* Debug */,
				93DC7DBF1A265FCE00265A5A /* Release */,
			);
			defaultConfigurationIsVisible = 0;
			defaultConfigurationName = Release;
		};
		93DC7DC01A265FCE00265A5A /* Build configuration list for PBXNativeTarget "Event_AppTests" */ = {
			isa = XCConfigurationList;
			buildConfigurations = (
				93DC7DC11A265FCE00265A5A /* Debug */,
				93DC7DC21A265FCE00265A5A /* Release */,
			);
			defaultConfigurationIsVisible = 0;
			defaultConfigurationName = Release;
		};
/* End XCConfigurationList section */
	};
	rootObject = 93DC7D961A265FCE00265A5A /* Project object */;
}
