// !$*UTF8*$!
{
	archiveVersion = 1;
	classes = {
	};
	objectVersion = 46;
	objects = {

/* Begin PBXBuildFile section */
		93DC7DA41A265FCE00265A5A /* AppDelegate.swift in Sources */ = {isa = PBXBuildFile; fileRef = 93DC7DA31A265FCE00265A5A /* AppDelegate.swift */; };
		93DC7DA61A265FCE00265A5A /* ViewController.swift in Sources */ = {isa = PBXBuildFile; fileRef = 93DC7DA51A265FCE00265A5A /* ViewController.swift */; };
		93DC7DA91A265FCE00265A5A /* Main.storyboard in Resources */ = {isa = PBXBuildFile; fileRef = 93DC7DA71A265FCE00265A5A /* Main.storyboard */; };
		93DC7DAB1A265FCE00265A5A /* Images.xcassets in Resources */ = {isa = PBXBuildFile; fileRef = 93DC7DAA1A265FCE00265A5A /* Images.xcassets */; };
		93DC7DAE1A265FCE00265A5A /* LaunchScreen.xib in Resources */ = {isa = PBXBuildFile; fileRef = 93DC7DAC1A265FCE00265A5A /* LaunchScreen.xib */; };
		93DC7DBA1A265FCE00265A5A /* Event_AppTests.swift in Sources */ = {isa = PBXBuildFile; fileRef = 93DC7DB91A265FCE00265A5A /* Event_AppTests.swift */; };
/* End PBXBuildFile section */

/* Begin PBXContainerItemProxy section */
		93DC7DB41A265FCE00265A5A /* PBXContainerItemProxy */ = {
			isa = PBXContainerItemProxy;
			containerPortal = 93DC7D961A265FCE00265A5A /* Project object */;
			proxyType = 1;
			remoteGlobalIDString = 93DC7D9D1A265FCE00265A5A;
			remoteInfo = Event_App;
		};
/* End PBXContainerItemProxy section */

/* Begin PBXFileReference section */
		93DC7D9E1A265FCE00265A5A /* Event_App.app */ = {isa = PBXFileReference; explicitFileType = wrapper.application; includeInIndex = 0; path = Event_App.app; sourceTree = BUILT_PRODUCTS_DIR; };
		93DC7DA21A265FCE00265A5A /* Info.plist */ = {isa = PBXFileReference; lastKnownFileType = text.plist.xml; path = Info.plist; sourceTree = "<group>"; };
		93DC7DA31A265FCE00265A5A /* AppDelegate.swift */ = {isa = PBXFileReference; lastKnownFileType = sourcecode.swift; path = AppDelegate.swift; sourceTree = "<group>"; };
		93DC7DA51A265FCE00265A5A /* ViewController.swift */ = {isa = PBXFileReference; lastKnownFileType = sourcecode.swift; path = ViewController.swift; sourceTree = "<group>"; };
		93DC7DA81A265FCE00265A5A /* Base */ = {isa = PBXFileReference; lastKnownFileType = file.storyboard; name = Base; path = Base.lproj/Main.storyboard; sourceTree = "<group>"; };
		93DC7DAA1A265FCE00265A5A /* Images.xcassets */ = {isa = PBXFileReference; lastKnownFileType = folder.assetcatalog; path = Images.xcassets; sourceTree = "<group>"; };
		93DC7DAD1A265FCE00265A5A /* Base */ = {isa = PBXFileReference; lastKnownFileType = file.xib; name = Base; path = Base.lproj/LaunchScreen.xib; sourceTree = "<group>"; };
		93DC7DB31A265FCE00265A5A /* Event_AppTests.xctest */ = {isa = PBXFileReference; explicitFileType = wrapper.cfbundle; includeInIndex = 0; path = Event_AppTests.xctest; sourceTree = BUILT_PRODUCTS_DIR; };
		93DC7DB81A265FCE00265A5A /* Info.plist */ = {isa = PBXFileReference; lastKnownFileType = text.plist.xml; path = Info.plist; sourceTree = "<group>"; };
		93DC7DB91A265FCE00265A5A /* Event_AppTests.swift */ = {isa = PBXFileReference; lastKnownFileType = sourcecode.swift; path = Event_AppTests.swift; sourceTree = "<group>"; };
/* End PBXFileReference section */

/* Begin PBXFrameworksBuildPhase section */
		93DC7D9B1A265FCE00265A5A /* Frameworks */ = {
			isa = PBXFrameworksBuildPhase;
			buildActionMask = 2147483647;
			files = (
			);
			runOnlyForDeploymentPostprocessing = 0;
		};
		93DC7DB01A265FCE00265A5A /* Frameworks */ = {
			isa = PBXFrameworksBuildPhase;
			buildActionMask = 2147483647;
			files = (
			);
			runOnlyForDeploymentPostprocessing = 0;
		};
/* End PBXFrameworksBuildPhase section */

/* Begin PBXGroup section */
		93DC7D951A265FCE00265A5A = {
			isa = PBXGroup;
			children = (
				93DC7DA01A265FCE00265A5A /* Event_App */,
				93DC7DB61A265FCE00265A5A /* Event_AppTests */,
				93DC7D9F1A265FCE00265A5A /* Products */,
			);
			sourceTree = "<group>";
		};
		93DC7D9F1A265FCE00265A5A /* Products */ = {
			isa = PBXGroup;
			children = (
				93DC7D9E1A265FCE00265A5A /* Event_App.app */,
				93DC7DB31A265FCE00265A5A /* Event_AppTests.xctest */,
			);
			name = Products;
			sourceTree = "<group>";
		};
		93DC7DA01A265FCE00265A5A /* Event_App */ = {
			isa = PBXGroup;
			children = (
				93DC7DA31A265FCE00265A5A /* AppDelegate.swift */,
				93DC7DA51A265FCE00265A5A /* ViewController.swift */,
				93DC7DA71A265FCE00265A5A /* Main.storyboard */,
				93DC7DAA1A265FCE00265A5A /* Images.xcassets */,
				93DC7DAC1A265FCE00265A5A /* LaunchScreen.xib */,
				93DC7DA11A265FCE00265A5A /* Supporting Files */,
			);
			path = Event_App;
			sourceTree = "<group>";
		};
		93DC7DA11A265FCE00265A5A /* Supporting Files */ = {
			isa = PBXGroup;
			children = (
				93DC7DA21A265FCE00265A5A /* Info.plist */,
			);
			name = "Supporting Files";
			sourceTree = "<group>";
		};
		93DC7DB61A265FCE00265A5A /* Event_AppTests */ = {
			isa = PBXGroup;
			children = (
				93DC7DB91A265FCE00265A5A /* Event_AppTests.swift */,
				93DC7DB71A265FCE00265A5A /* Supporting Files */,
			);
			path = Event_AppTests;
			sourceTree = "<group>";
		};
		93DC7DB71A265FCE00265A5A /* Supporting Files */ = {
			isa = PBXGroup;
			children = (
				93DC7DB81A265FCE00265A5A /* Info.plist */,
			);
			name = "Supporting Files";
			sourceTree = "<group>";
		};
/* End PBXGroup section */

/* Begin PBXNativeTarget section */
		93DC7D9D1A265FCE00265A5A /* Event_App */ = {
			isa = PBXNativeTarget;
			buildConfigurationList = 93DC7DBD1A265FCE00265A5A /* Build configuration list for PBXNativeTarget "Event_App" */;
			buildPhases = (
				93DC7D9A1A265FCE00265A5A /* Sources */,
				93DC7D9B1A265FCE00265A5A /* Frameworks */,
				93DC7D9C1A265FCE00265A5A /* Resources */,
			);
			buildRules = (
			);
			dependencies = (
			);
			name = Event_App;
			productName = Event_App;
			productReference = 93DC7D9E1A265FCE00265A5A /* Event_App.app */;
			productType = "com.apple.product-type.application";
		};
		93DC7DB21A265FCE00265A5A /* Event_AppTests */ = {
			isa = PBXNativeTarget;
			buildConfigurationList = 93DC7DC01A265FCE00265A5A /* Build configuration list for PBXNativeTarget "Event_AppTests" */;
			buildPhases = (
				93DC7DAF1A265FCE00265A5A /* Sources */,
				93DC7DB01A265FCE00265A5A /* Frameworks */,
				93DC7DB11A265FCE00265A5A /* Resources */,
			);
			buildRules = (
			);
			dependencies = (
				93DC7DB51A265FCE00265A5A /* PBXTargetDependency */,
			);
			name = Event_AppTests;
			productName = Event_AppTests;
			productReference = 93DC7DB31A265FCE00265A5A /* Event_AppTests.xctest */;
			productType = "com.apple.product-type.bundle.unit-test";
		};
/* End PBXNativeTarget section */

/* Begin PBXProject section */
		93DC7D961A265FCE00265A5A /* Project object */ = {
			isa = PBXProject;
			attributes = {
				LastUpgradeCheck = 0620;
				ORGANIZATIONNAME = MobileMakers;
				TargetAttributes = {
					93DC7D9D1A265FCE00265A5A = {
						CreatedOnToolsVersion = 6.2;
					};
					93DC7DB21A265FCE00265A5A = {
						CreatedOnToolsVersion = 6.2;
						TestTargetID = 93DC7D9D1A265FCE00265A5A;
					};
				};
			};
			buildConfigurationList = 93DC7D991A265FCE00265A5A /* Build configuration list for PBXProject "Event_App" */;
			compatibilityVersion = "Xcode 3.2";
			developmentRegion = English;
			hasScannedForEncodings = 0;
			knownRegions = (
				en,
				Base,
			);
			mainGroup = 93DC7D951A265FCE00265A5A;
			productRefGroup = 93DC7D9F1A265FCE00265A5A /* Products */;
			projectDirPath = "";
			projectRoot = "";
			targets = (
				93DC7D9D1A265FCE00265A5A /* Event_App */,
				93DC7DB21A265FCE00265A5A /* Event_AppTests */,
			);
		};
/* End PBXProject section */

/* Begin PBXResourcesBuildPhase section */
		93DC7D9C1A265FCE00265A5A /* Resources */ = {
			isa = PBXResourcesBuildPhase;
			buildActionMask = 2147483647;
			files = (
				93DC7DA91A265FCE00265A5A /* Main.storyboard in Resources */,
				93DC7DAE1A265FCE00265A5A /* LaunchScreen.xib in Resources */,
				93DC7DAB1A265FCE00265A5A /* Images.xcassets in Resources */,
			);
			runOnlyForDeploymentPostprocessing = 0;
		};
		93DC7DB11A265FCE00265A5A /* Resources */ = {
			isa = PBXResourcesBuildPhase;
			buildActionMask = 2147483647;
			files = (
			);
			runOnlyForDeploymentPostprocessing = 0;
		};
/* End PBXResourcesBuildPhase section */

/* Begin PBXSourcesBuildPhase section */
		93DC7D9A1A265FCE00265A5A /* Sources */ = {
			isa = PBXSourcesBuildPhase;
			buildActionMask = 2147483647;
			files = (
				93DC7DA61A265FCE00265A5A /* ViewController.swift in Sources */,
				93DC7DA41A265FCE00265A5A /* AppDelegate.swift in Sources */,
			);
			runOnlyForDeploymentPostprocessing = 0;
		};
		93DC7DAF1A265FCE00265A5A /* Sources */ = {
			isa = PBXSourcesBuildPhase;
			buildActionMask = 2147483647;
			files = (
				93DC7DBA1A265FCE00265A5A /* Event_AppTests.swift in Sources */,
			);
			runOnlyForDeploymentPostprocessing = 0;
		};
/* End PBXSourcesBuildPhase section */

/* Begin PBXTargetDependency section */
		93DC7DB51A265FCE00265A5A /* PBXTargetDependency */ = {
			isa = PBXTargetDependency;
			target = 93DC7D9D1A265FCE00265A5A /* Event_App */;
			targetProxy = 93DC7DB41A265FCE00265A5A /* PBXContainerItemProxy */;
		};
/* End PBXTargetDependency section */

/* Begin PBXVariantGroup section */
		93DC7DA71A265FCE00265A5A /* Main.storyboard */ = {
			isa = PBXVariantGroup;
			children = (
				93DC7DA81A265FCE00265A5A /* Base */,
			);
			name = Main.storyboard;
			sourceTree = "<group>";
		};
		93DC7DAC1A265FCE00265A5A /* LaunchScreen.xib */ = {
			isa = PBXVariantGroup;
			children = (
				93DC7DAD1A265FCE00265A5A /* Base */,
			);
			name = LaunchScreen.xib;
			sourceTree = "<group>";
		};
/* End PBXVariantGroup section */

/* Begin XCBuildConfiguration section */
		93DC7DBB1A265FCE00265A5A /* Debug */ = {
			isa = XCBuildConfiguration;
			buildSettings = {
				ALWAYS_SEARCH_USER_PATHS = NO;
				CLANG_CXX_LANGUAGE_STANDARD = "gnu++0x";
				CLANG_CXX_LIBRARY = "libc++";
				CLANG_ENABLE_MODULES = YES;
				CLANG_ENABLE_OBJC_ARC = YES;
				CLANG_WARN_BOOL_CONVERSION = YES;
				CLANG_WARN_CONSTANT_CONVERSION = YES;
				CLANG_WARN_DIRECT_OBJC_ISA_USAGE = YES_ERROR;
				CLANG_WARN_EMPTY_BODY = YES;
				CLANG_WARN_ENUM_CONVERSION = YES;
				CLANG_WARN_INT_CONVERSION = YES;
				CLANG_WARN_OBJC_ROOT_CLASS = YES_ERROR;
				CLANG_WARN_UNREACHABLE_CODE = YES;
				CLANG_WARN__DUPLICATE_METHOD_MATCH = YES;
				"CODE_SIGN_IDENTITY[sdk=iphoneos*]" = "iPhone Developer";
				COPY_PHASE_STRIP = NO;
				ENABLE_STRICT_OBJC_MSGSEND = YES;
				GCC_C_LANGUAGE_STANDARD = gnu99;
				GCC_DYNAMIC_NO_PIC = NO;
				GCC_OPTIMIZATION_LEVEL = 0;
				GCC_PREPROCESSOR_DEFINITIONS = (
					"DEBUG=1",
					"$(inherited)",
				);
				GCC_SYMBOLS_PRIVATE_EXTERN = NO;
				GCC_WARN_64_TO_32_BIT_CONVERSION = YES;
				GCC_WARN_ABOUT_RETURN_TYPE = YES_ERROR;
				GCC_WARN_UNDECLARED_SELECTOR = YES;
				GCC_WARN_UNINITIALIZED_AUTOS = YES_AGGRESSIVE;
				GCC_WARN_UNUSED_FUNCTION = YES;
				GCC_WARN_UNUSED_VARIABLE = YES;
				IPHONEOS_DEPLOYMENT_TARGET = 8.2;
				MTL_ENABLE_DEBUG_INFO = YES;
				ONLY_ACTIVE_ARCH = YES;
				SDKROOT = iphoneos;
				SWIFT_OPTIMIZATION_LEVEL = "-Onone";
			};
			name = Debug;
		};
		93DC7DBC1A265FCE00265A5A /* Release */ = {
			isa = XCBuildConfiguration;
			buildSettings = {
				ALWAYS_SEARCH_USER_PATHS = NO;
				CLANG_CXX_LANGUAGE_STANDARD = "gnu++0x";
				CLANG_CXX_LIBRARY = "libc++";
				CLANG_ENABLE_MODULES = YES;
				CLANG_ENABLE_OBJC_ARC = YES;
				CLANG_WARN_BOOL_CONVERSION = YES;
				CLANG_WARN_CONSTANT_CONVERSION = YES;
				CLANG_WARN_DIRECT_OBJC_ISA_USAGE = YES_ERROR;
				CLANG_WARN_EMPTY_BODY = YES;
				CLANG_WARN_ENUM_CONVERSION = YES;
				CLANG_WARN_INT_CONVERSION = YES;
				CLANG_WARN_OBJC_ROOT_CLASS = YES_ERROR;
				CLANG_WARN_UNREACHABLE_CODE = YES;
				CLANG_WARN__DUPLICATE_METHOD_MATCH = YES;
				"CODE_SIGN_IDENTITY[sdk=iphoneos*]" = "iPhone Developer";
				COPY_PHASE_STRIP = YES;
				ENABLE_NS_ASSERTIONS = NO;
				ENABLE_STRICT_OBJC_MSGSEND = YES;
				GCC_C_LANGUAGE_STANDARD = gnu99;
				GCC_WARN_64_TO_32_BIT_CONVERSION = YES;
				GCC_WARN_ABOUT_RETURN_TYPE = YES_ERROR;
				GCC_WARN_UNDECLARED_SELECTOR = YES;
				GCC_WARN_UNINITIALIZED_AUTOS = YES_AGGRESSIVE;
				GCC_WARN_UNUSED_FUNCTION = YES;
				GCC_WARN_UNUSED_VARIABLE = YES;
				IPHONEOS_DEPLOYMENT_TARGET = 8.2;
				MTL_ENABLE_DEBUG_INFO = NO;
				SDKROOT = iphoneos;
				VALIDATE_PRODUCT = YES;
			};
			name = Release;
		};
		93DC7DBE1A265FCE00265A5A /* Debug */ = {
			isa = XCBuildConfiguration;
			buildSettings = {
				ASSETCATALOG_COMPILER_APPICON_NAME = AppIcon;
				INFOPLIST_FILE = Event_App/Info.plist;
				LD_RUNPATH_SEARCH_PATHS = "$(inherited) @executable_path/Frameworks";
				PRODUCT_NAME = "$(TARGET_NAME)";
			};
			name = Debug;
		};
		93DC7DBF1A265FCE00265A5A /* Release */ = {
			isa = XCBuildConfiguration;
			buildSettings = {
				ASSETCATALOG_COMPILER_APPICON_NAME = AppIcon;
				INFOPLIST_FILE = Event_App/Info.plist;
				LD_RUNPATH_SEARCH_PATHS = "$(inherited) @executable_path/Frameworks";
				PRODUCT_NAME = "$(TARGET_NAME)";
			};
			name = Release;
		};
		93DC7DC11A265FCE00265A5A /* Debug */ = {
			isa = XCBuildConfiguration;
			buildSettings = {
				BUNDLE_LOADER = "$(TEST_HOST)";
				FRAMEWORK_SEARCH_PATHS = (
					"$(SDKROOT)/Developer/Library/Frameworks",
					"$(inherited)",
				);
				GCC_PREPROCESSOR_DEFINITIONS = (
					"DEBUG=1",
					"$(inherited)",
				);
				INFOPLIST_FILE = Event_AppTests/Info.plist;
				LD_RUNPATH_SEARCH_PATHS = "$(inherited) @executable_path/Frameworks @loader_path/Frameworks";
				PRODUCT_NAME = "$(TARGET_NAME)";
				TEST_HOST = "$(BUILT_PRODUCTS_DIR)/Event_App.app/Event_App";
			};
			name = Debug;
		};
		93DC7DC21A265FCE00265A5A /* Release */ = {
			isa = XCBuildConfiguration;
			buildSettings = {
				BUNDLE_LOADER = "$(TEST_HOST)";
				FRAMEWORK_SEARCH_PATHS = (
					"$(SDKROOT)/Developer/Library/Frameworks",
					"$(inherited)",
				);
				INFOPLIST_FILE = Event_AppTests/Info.plist;
				LD_RUNPATH_SEARCH_PATHS = "$(inherited) @executable_path/Frameworks @loader_path/Frameworks";
				PRODUCT_NAME = "$(TARGET_NAME)";
				TEST_HOST = "$(BUILT_PRODUCTS_DIR)/Event_App.app/Event_App";
			};
			name = Release;
		};
/* End XCBuildConfiguration section */

/* Begin XCConfigurationList section */
		93DC7D991A265FCE00265A5A /* Build configuration list for PBXProject "Event_App" */ = {
			isa = XCConfigurationList;
			buildConfigurations = (
				93DC7DBB1A265FCE00265A5A /* Debug */,
				93DC7DBC1A265FCE00265A5A /* Release */,
			);
			defaultConfigurationIsVisible = 0;
			defaultConfigurationName = Release;
		};
		93DC7DBD1A265FCE00265A5A /* Build configuration list for PBXNativeTarget "Event_App" */ = {
			isa = XCConfigurationList;
			buildConfigurations = (
				93DC7DBE1A265FCE00265A5A /* Debug */,
				93DC7DBF1A265FCE00265A5A /* Release */,
			);
			defaultConfigurationIsVisible = 0;
		};
		93DC7DC01A265FCE00265A5A /* Build configuration list for PBXNativeTarget "Event_AppTests" */ = {
			isa = XCConfigurationList;
			buildConfigurations = (
				93DC7DC11A265FCE00265A5A /* Debug */,
				93DC7DC21A265FCE00265A5A /* Release */,
			);
			defaultConfigurationIsVisible = 0;
		};
/* End XCConfigurationList section */
	};
	rootObject = 93DC7D961A265FCE00265A5A /* Project object */;
}
